
Microsoft Visual Studio Solution File, Format Version 12.00
# Visual Studio 15
VisualStudioVersion = 15.0.28307.489
MinimumVisualStudioVersion = 10.0.40219.1
Project("{FAE04EC0-301F-11D3-BF4B-00C04F79EFBC}") = "MazeTTS", "MazeTTS\MazeTTS.csproj", "{6100BB74-E34A-4E76-A47F-AC51A88D8F2A}"
EndProject
Global
	GlobalSection(SolutionConfigurationPlatforms) = preSolution
		Debug|Any CPU = Debug|Any CPU
		Release|Any CPU = Release|Any CPU
	EndGlobalSection
	GlobalSection(ProjectConfigurationPlatforms) = postSolution
		{6100BB74-E34A-4E76-A47F-AC51A88D8F2A}.Debug|Any CPU.ActiveCfg = Debug|Any CPU
		{6100BB74-E34A-4E76-A47F-AC51A88D8F2A}.Debug|Any CPU.Build.0 = Debug|Any CPU
		{6100BB74-E34A-4E76-A47F-AC51A88D8F2A}.Release|Any CPU.ActiveCfg = Release|Any CPU
		{6100BB74-E34A-4E76-A47F-AC51A88D8F2A}.Release|Any CPU.Build.0 = Release|Any CPU
	EndGlobalSection
	GlobalSection(SolutionProperties) = preSolution
		HideSolutionNode = FALSE
	EndGlobalSection
	GlobalSection(ExtensibilityGlobals) = postSolution
		SolutionGuid = {2CAB69C5-D5E0-44D9-89D9-3B70916FE3F5}
	EndGlobalSection
EndGlobal
